
Microsoft Visual Studio Solution File, Format Version 12.00
# Visual Studio 2017
Project("{FAE04EC0-301F-11D3-BF4B-00C04F79EFBC}") = "Card Tower Defense", "Card Tower Defense.csproj", "{ED06A69C-1F13-A8FE-C8BC-42616E85218A}"
EndProject
Global
	GlobalSection(SolutionConfigurationPlatforms) = preSolution
		Debug|Any CPU = Debug|Any CPU
		Release|Any CPU = Release|Any CPU
	EndGlobalSection
	GlobalSection(ProjectConfigurationPlatforms) = postSolution
		{ED06A69C-1F13-A8FE-C8BC-42616E85218A}.Debug|Any CPU.ActiveCfg = Debug|Any CPU
		{ED06A69C-1F13-A8FE-C8BC-42616E85218A}.Debug|Any CPU.Build.0 = Debug|Any CPU
		{ED06A69C-1F13-A8FE-C8BC-42616E85218A}.Release|Any CPU.ActiveCfg = Release|Any CPU
		{ED06A69C-1F13-A8FE-C8BC-42616E85218A}.Release|Any CPU.Build.0 = Release|Any CPU
	EndGlobalSection
	GlobalSection(SolutionProperties) = preSolution
		HideSolutionNode = FALSE
	EndGlobalSection
EndGlobal
